
Microsoft Visual Studio Solution File, Format Version 12.00
# Visual Studio Version 17
VisualStudioVersion = 17.0.31903.59
MinimumVisualStudioVersion = 10.0.40219.1
Project("{FAE04EC0-301F-11D3-BF4B-00C04F79EFBC}") = "DBLibrary", "DBLibrary\DBLibrary.csproj", "{85F3FDCE-1A73-43D2-95CE-6327D110684F}"
EndProject
Project("{FAE04EC0-301F-11D3-BF4B-00C04F79EFBC}") = "ReplApp", "ReplApp\ReplApp.csproj", "{4D5ED508-947B-4CBE-869E-22B117636AFA}"
EndProject
Global
	GlobalSection(SolutionConfigurationPlatforms) = preSolution
		Debug|Any CPU = Debug|Any CPU
		Debug|x64 = Debug|x64
		Debug|x86 = Debug|x86
		Release|Any CPU = Release|Any CPU
		Release|x64 = Release|x64
		Release|x86 = Release|x86
	EndGlobalSection
	GlobalSection(ProjectConfigurationPlatforms) = postSolution
		{85F3FDCE-1A73-43D2-95CE-6327D110684F}.Debug|Any CPU.ActiveCfg = Debug|Any CPU
		{85F3FDCE-1A73-43D2-95CE-6327D110684F}.Debug|Any CPU.Build.0 = Debug|Any CPU
		{85F3FDCE-1A73-43D2-95CE-6327D110684F}.Debug|x64.ActiveCfg = Debug|Any CPU
		{85F3FDCE-1A73-43D2-95CE-6327D110684F}.Debug|x64.Build.0 = Debug|Any CPU
		{85F3FDCE-1A73-43D2-95CE-6327D110684F}.Debug|x86.ActiveCfg = Debug|Any CPU
		{85F3FDCE-1A73-43D2-95CE-6327D110684F}.Debug|x86.Build.0 = Debug|Any CPU
		{85F3FDCE-1A73-43D2-95CE-6327D110684F}.Release|Any CPU.ActiveCfg = Release|Any CPU
		{85F3FDCE-1A73-43D2-95CE-6327D110684F}.Release|Any CPU.Build.0 = Release|Any CPU
		{85F3FDCE-1A73-43D2-95CE-6327D110684F}.Release|x64.ActiveCfg = Release|Any CPU
		{85F3FDCE-1A73-43D2-95CE-6327D110684F}.Release|x64.Build.0 = Release|Any CPU
		{85F3FDCE-1A73-43D2-95CE-6327D110684F}.Release|x86.ActiveCfg = Release|Any CPU
		{85F3FDCE-1A73-43D2-95CE-6327D110684F}.Release|x86.Build.0 = Release|Any CPU
		{4D5ED508-947B-4CBE-869E-22B117636AFA}.Debug|Any CPU.ActiveCfg = Debug|Any CPU
		{4D5ED508-947B-4CBE-869E-22B117636AFA}.Debug|Any CPU.Build.0 = Debug|Any CPU
		{4D5ED508-947B-4CBE-869E-22B117636AFA}.Debug|x64.ActiveCfg = Debug|Any CPU
		{4D5ED508-947B-4CBE-869E-22B117636AFA}.Debug|x64.Build.0 = Debug|Any CPU
		{4D5ED508-947B-4CBE-869E-22B117636AFA}.Debug|x86.ActiveCfg = Debug|Any CPU
		{4D5ED508-947B-4CBE-869E-22B117636AFA}.Debug|x86.Build.0 = Debug|Any CPU
		{4D5ED508-947B-4CBE-869E-22B117636AFA}.Release|Any CPU.ActiveCfg = Release|Any CPU
		{4D5ED508-947B-4CBE-869E-22B117636AFA}.Release|Any CPU.Build.0 = Release|Any CPU
		{4D5ED508-947B-4CBE-869E-22B117636AFA}.Release|x64.ActiveCfg = Release|Any CPU
		{4D5ED508-947B-4CBE-869E-22B117636AFA}.Release|x64.Build.0 = Release|Any CPU
		{4D5ED508-947B-4CBE-869E-22B117636AFA}.Release|x86.ActiveCfg = Release|Any CPU
		{4D5ED508-947B-4CBE-869E-22B117636AFA}.Release|x86.Build.0 = Release|Any CPU
	EndGlobalSection
	GlobalSection(SolutionProperties) = preSolution
		HideSolutionNode = FALSE
	EndGlobalSection
EndGlobal
